{
  "nodes": {
    "nixpkgs": {
      "locked": {
        "lastModified": 1708118438,
        "narHash": "sha256-kk9/0nuVgA220FcqH/D2xaN6uGyHp/zoxPNUmPCMmEE=",
        "owner": "NixOS",
        "repo": "nixpkgs",
        "rev": "5863c27340ba4de8f83e7e3c023b9599c3cb3c80",
        "type": "github"
      },
      "original": {
        "owner": "NixOS",
        "ref": "nixos-unstable",
        "repo": "nixpkgs",
        "type": "github"
      }
    },
    "outlook_src": {
      "flake": false,
      "locked": {
        "narHash": "sha256-m6s1zuIRG3bcncPAghouQpC8Js7OVmRFuQ3q6uSQP5I=",
        "type": "file",
        "url": "https://go.microsoft.com/fwlink/p/?linkid=525137"
      },
      "original": {
        "type": "file",
        "url": "https://go.microsoft.com/fwlink/p/?linkid=525137"
      }
    },
    "root": {
      "inputs": {
        "nixpkgs": "nixpkgs",
        "outlook_src": "outlook_src"
      }
    }
  },
  "root": "root",
  "version": 7
}
