{
  "nodes": {
    "nixpkgs": {
      "locked": {
        "lastModified": 1706913249,
        "narHash": "sha256-x3M7iV++CsvRXI1fpyFPduGELUckZEhSv0XWnUopAG8=",
        "owner": "NixOS",
        "repo": "nixpkgs",
        "rev": "e92b6015881907e698782c77641aa49298330223",
        "type": "github"
      },
      "original": {
        "owner": "NixOS",
        "ref": "nixos-unstable",
        "repo": "nixpkgs",
        "type": "github"
      }
    },
    "outlook_src": {
      "flake": false,
      "locked": {
        "narHash": "sha256-z3g0IRm9hZLTqy/mjI5lpuYX0YdSg7x5FZebFUnE6FA=",
        "type": "file",
        "url": "https://go.microsoft.com/fwlink/p/?linkid=525137"
      },
      "original": {
        "type": "file",
        "url": "https://go.microsoft.com/fwlink/p/?linkid=525137"
      }
    },
    "root": {
      "inputs": {
        "nixpkgs": "nixpkgs",
        "outlook_src": "outlook_src"
      }
    }
  },
  "root": "root",
  "version": 7
}
