{
  "nodes": {
    "nixpkgs": {
      "locked": {
        "lastModified": 1710806803,
        "narHash": "sha256-qrxvLS888pNJFwJdK+hf1wpRCSQcqA6W5+Ox202NDa0=",
        "owner": "NixOS",
        "repo": "nixpkgs",
        "rev": "b06025f1533a1e07b6db3e75151caa155d1c7eb3",
        "type": "github"
      },
      "original": {
        "owner": "NixOS",
        "ref": "nixos-unstable",
        "repo": "nixpkgs",
        "type": "github"
      }
    },
    "outlook_src": {
      "flake": false,
      "locked": {
        "narHash": "sha256-wXuAKMG2Jt6zcWz2n2m4Ppf1KGkQKt6e9Ad0+7ZQq1M=",
        "type": "file",
        "url": "https://go.microsoft.com/fwlink/p/?linkid=525137"
      },
      "original": {
        "type": "file",
        "url": "https://go.microsoft.com/fwlink/p/?linkid=525137"
      }
    },
    "root": {
      "inputs": {
        "nixpkgs": "nixpkgs",
        "outlook_src": "outlook_src"
      }
    }
  },
  "root": "root",
  "version": 7
}
