{
  "nodes": {
    "bitwarden-src": {
      "flake": false,
      "locked": {
        "narHash": "sha256-utWECfdIGZz2X5sugnnSPaoZ/QkARvSUBkuvxLssrJs=",
        "type": "file",
        "url": "https://filebin.net/archive/mmisva6z0wzxbjhy/zip"
      },
      "original": {
        "type": "file",
        "url": "https://filebin.net/archive/mmisva6z0wzxbjhy/zip"
      }
    },
    "nixpkgs": {
      "locked": {
        "lastModified": 1719506693,
        "narHash": "sha256-C8e9S7RzshSdHB7L+v9I51af1gDM5unhJ2xO1ywxNH8=",
        "owner": "NixOS",
        "repo": "nixpkgs",
        "rev": "b2852eb9365c6de48ffb0dc2c9562591f652242a",
        "type": "github"
      },
      "original": {
        "owner": "NixOS",
        "ref": "nixos-unstable",
        "repo": "nixpkgs",
        "type": "github"
      }
    },
    "root": {
      "inputs": {
        "bitwarden-src": "bitwarden-src",
        "nixpkgs": "nixpkgs"
      }
    }
  },
  "root": "root",
  "version": 7
}
